
Microsoft Visual Studio Solution File, Format Version 12.00
# Visual Studio Version 16
VisualStudioVersion = 16.0.31105.61
MinimumVisualStudioVersion = 10.0.40219.1
Project("{9A19103F-16F7-4668-BE54-9A1E7A4F7556}") = "WebSocket.Uniswap", "WebSocket.Uniswap\WebSocket.Uniswap.csproj", "{86318812-72D6-483C-87B4-071518338CC6}"
EndProject
Project("{6EC3EE1D-3C4E-46DD-8F32-0CC8E7565705}") = "FSharpBack", "FSharpBack\FSharpBack.fsproj", "{7108C45B-EAAE-4CA1-A3DE-6ACA1262F4F8}"
EndProject
Project("{9A19103F-16F7-4668-BE54-9A1E7A4F7556}") = "Test.Uniswap", "Test.Uniswap\Test.Uniswap.csproj", "{6F9418D3-0C58-426D-ABA3-CEC6696694A2}"
EndProject
Project("{6EC3EE1D-3C4E-46DD-8F32-0CC8E7565705}") = "FSharpBackTest", "FSharpBackTest\FSharpBackTest.fsproj", "{45A54D66-394B-4833-9B07-D9A07C8EFDD0}"
EndProject
Project("{6EC3EE1D-3C4E-46DD-8F32-0CC8E7565705}") = "Contracts", "Contracts\Contracts.fsproj", "{BBB9625B-CA38-419A-9C6A-DD4D1C3B85DF}"
EndProject
Project("{9A19103F-16F7-4668-BE54-9A1E7A4F7556}") = "UniswapView", "UniswapView\UniswapView.csproj", "{2A35943C-5D78-45CB-A1CF-FF15684BA239}"
EndProject
Project("{6EC3EE1D-3C4E-46DD-8F32-0CC8E7565705}") = "View.Client", "View\src\View.Client\View.Client.fsproj", "{AC97FFB5-FD67-45AE-8A69-8942590DEC3E}"
EndProject
Project("{6EC3EE1D-3C4E-46DD-8F32-0CC8E7565705}") = "View.Server", "View\src\View.Server\View.Server.fsproj", "{526D4EB6-A980-43A8-ACD1-B580C9EF0FC9}"
EndProject
Global
	GlobalSection(SolutionConfigurationPlatforms) = preSolution
		Debug|Any CPU = Debug|Any CPU
		Release|Any CPU = Release|Any CPU
	EndGlobalSection
	GlobalSection(ProjectConfigurationPlatforms) = postSolution
		{86318812-72D6-483C-87B4-071518338CC6}.Debug|Any CPU.ActiveCfg = Debug|Any CPU
		{86318812-72D6-483C-87B4-071518338CC6}.Debug|Any CPU.Build.0 = Debug|Any CPU
		{86318812-72D6-483C-87B4-071518338CC6}.Release|Any CPU.ActiveCfg = Release|Any CPU
		{86318812-72D6-483C-87B4-071518338CC6}.Release|Any CPU.Build.0 = Release|Any CPU
		{7108C45B-EAAE-4CA1-A3DE-6ACA1262F4F8}.Debug|Any CPU.ActiveCfg = Debug|Any CPU
		{7108C45B-EAAE-4CA1-A3DE-6ACA1262F4F8}.Debug|Any CPU.Build.0 = Debug|Any CPU
		{7108C45B-EAAE-4CA1-A3DE-6ACA1262F4F8}.Release|Any CPU.ActiveCfg = Release|Any CPU
		{7108C45B-EAAE-4CA1-A3DE-6ACA1262F4F8}.Release|Any CPU.Build.0 = Release|Any CPU
		{6F9418D3-0C58-426D-ABA3-CEC6696694A2}.Debug|Any CPU.ActiveCfg = Debug|Any CPU
		{6F9418D3-0C58-426D-ABA3-CEC6696694A2}.Debug|Any CPU.Build.0 = Debug|Any CPU
		{6F9418D3-0C58-426D-ABA3-CEC6696694A2}.Release|Any CPU.ActiveCfg = Release|Any CPU
		{6F9418D3-0C58-426D-ABA3-CEC6696694A2}.Release|Any CPU.Build.0 = Release|Any CPU
		{45A54D66-394B-4833-9B07-D9A07C8EFDD0}.Debug|Any CPU.ActiveCfg = Debug|Any CPU
		{45A54D66-394B-4833-9B07-D9A07C8EFDD0}.Debug|Any CPU.Build.0 = Debug|Any CPU
		{45A54D66-394B-4833-9B07-D9A07C8EFDD0}.Release|Any CPU.ActiveCfg = Release|Any CPU
		{45A54D66-394B-4833-9B07-D9A07C8EFDD0}.Release|Any CPU.Build.0 = Release|Any CPU
		{BBB9625B-CA38-419A-9C6A-DD4D1C3B85DF}.Debug|Any CPU.ActiveCfg = Debug|Any CPU
		{BBB9625B-CA38-419A-9C6A-DD4D1C3B85DF}.Debug|Any CPU.Build.0 = Debug|Any CPU
		{BBB9625B-CA38-419A-9C6A-DD4D1C3B85DF}.Release|Any CPU.ActiveCfg = Release|Any CPU
		{BBB9625B-CA38-419A-9C6A-DD4D1C3B85DF}.Release|Any CPU.Build.0 = Release|Any CPU
		{2A35943C-5D78-45CB-A1CF-FF15684BA239}.Debug|Any CPU.ActiveCfg = Debug|Any CPU
		{2A35943C-5D78-45CB-A1CF-FF15684BA239}.Debug|Any CPU.Build.0 = Debug|Any CPU
		{2A35943C-5D78-45CB-A1CF-FF15684BA239}.Release|Any CPU.ActiveCfg = Release|Any CPU
		{2A35943C-5D78-45CB-A1CF-FF15684BA239}.Release|Any CPU.Build.0 = Release|Any CPU
		{AC97FFB5-FD67-45AE-8A69-8942590DEC3E}.Debug|Any CPU.ActiveCfg = Debug|Any CPU
		{AC97FFB5-FD67-45AE-8A69-8942590DEC3E}.Debug|Any CPU.Build.0 = Debug|Any CPU
		{AC97FFB5-FD67-45AE-8A69-8942590DEC3E}.Release|Any CPU.ActiveCfg = Release|Any CPU
		{AC97FFB5-FD67-45AE-8A69-8942590DEC3E}.Release|Any CPU.Build.0 = Release|Any CPU
		{526D4EB6-A980-43A8-ACD1-B580C9EF0FC9}.Debug|Any CPU.ActiveCfg = Debug|Any CPU
		{526D4EB6-A980-43A8-ACD1-B580C9EF0FC9}.Debug|Any CPU.Build.0 = Debug|Any CPU
		{526D4EB6-A980-43A8-ACD1-B580C9EF0FC9}.Release|Any CPU.ActiveCfg = Release|Any CPU
		{526D4EB6-A980-43A8-ACD1-B580C9EF0FC9}.Release|Any CPU.Build.0 = Release|Any CPU
	EndGlobalSection
	GlobalSection(SolutionProperties) = preSolution
		HideSolutionNode = FALSE
	EndGlobalSection
	GlobalSection(ExtensibilityGlobals) = postSolution
		SolutionGuid = {FC5D507C-929E-4F41-89D3-51801ECF3E81}
	EndGlobalSection
EndGlobal
